<Solution>
  <Project Path="AlternatingCase/AlternatingCase.csproj" />
  <Project Path="CatYearsDogYears/CatYearsDogYears.csproj" />
  <Project Path="Clock02/Clock02.csproj" />
  <Project Path="CountByX/CountByX.csproj" />
  <Project Path="FriendOrFoe/FriendOrFoe.csproj" />
  <Project Path="HighestProfitWins/HighestProfitWins.csproj" />
  <Project Path="IsItEven/IsItEven.csproj" />
  <Project Path="Isograms/Isograms.csproj" />
  <Project Path="OnesAndZeros/OnesAndZeros.csproj" />
  <Project Path="SwitchItUp/SwitchItUp.csproj" />
  <Project Path="TotalAmountOfPoints/TotalAmountOfPoints.csproj" />
  <Project Path="TransportationOnVacation/TransportationOnVacation.csproj" />
  <Project Path="TwoToOne/TwoToOne.csproj" />
</Solution>
